// !$*UTF8*$!
{
	archiveVersion = 1;
	classes = {
	};
	objectVersion = 46;
	objects = {

/* Begin PBXBuildFile section */
		3C46ACCD1813BDCA00D108E7 /* HTTPDefine.mm in Sources */ = {isa = PBXBuildFile; fileRef = 3C46ACCC1813BDCA00D108E7 /* HTTPDefine.mm */; };
		3C5AFC441812BD8D00ACC9A1 /* Util.mm in Sources */ = {isa = PBXBuildFile; fileRef = 3C5AFC421812BD8D00ACC9A1 /* Util.mm */; };
		3CF70FD11811819E00123FBB /* HTTPResponse.mm in Sources */ = {isa = PBXBuildFile; fileRef = 3CF70FCF1811819E00123FBB /* HTTPResponse.mm */; };
		947215101809CEA000CE2C58 /* CFNetwork.framework in Frameworks */ = {isa = PBXBuildFile; fileRef = 9472150F1809CEA000CE2C58 /* CFNetwork.framework */; };
		947215111809CEB100CE2C58 /* CFNetwork.framework in Frameworks */ = {isa = PBXBuildFile; fileRef = 9472150F1809CEA000CE2C58 /* CFNetwork.framework */; };
		94721515180AB6BC00CE2C58 /* CFConnectionCore.mm in Sources */ = {isa = PBXBuildFile; fileRef = 94721513180AB6BC00CE2C58 /* CFConnectionCore.mm */; };
		9472151A180B1E9500CE2C58 /* CFSocketFactory.mm in Sources */ = {isa = PBXBuildFile; fileRef = 94721518180B1E9500CE2C58 /* CFSocketFactory.mm */; };
		9472151D180B23F600CE2C58 /* ResponseParser.mm in Sources */ = {isa = PBXBuildFile; fileRef = 9472151B180B23F600CE2C58 /* ResponseParser.mm */; };
		94721520180B24F700CE2C58 /* RequestTool.mm in Sources */ = {isa = PBXBuildFile; fileRef = 9472151E180B24F700CE2C58 /* RequestTool.mm */; };
		94721523180BB64400CE2C58 /* DataFinder.mm in Sources */ = {isa = PBXBuildFile; fileRef = 94721521180BB64400CE2C58 /* DataFinder.mm */; };
		948CB49F18098FEB006B7917 /* Foundation.framework in Frameworks */ = {isa = PBXBuildFile; fileRef = 948CB49E18098FEB006B7917 /* Foundation.framework */; };
		948CB4A418098FEB006B7917 /* JCFConnection.h in CopyFiles */ = {isa = PBXBuildFile; fileRef = 948CB4A318098FEB006B7917 /* JCFConnection.h */; };
		948CB4A618098FEB006B7917 /* JCFConnection.mm in Sources */ = {isa = PBXBuildFile; fileRef = 948CB4A518098FEB006B7917 /* JCFConnection.mm */; };
		948CB4AD18098FEB006B7917 /* XCTest.framework in Frameworks */ = {isa = PBXBuildFile; fileRef = 948CB4AC18098FEB006B7917 /* XCTest.framework */; };
		948CB4AE18098FEB006B7917 /* Foundation.framework in Frameworks */ = {isa = PBXBuildFile; fileRef = 948CB49E18098FEB006B7917 /* Foundation.framework */; };
		948CB4B018098FEB006B7917 /* UIKit.framework in Frameworks */ = {isa = PBXBuildFile; fileRef = 948CB4AF18098FEB006B7917 /* UIKit.framework */; };
		948CB4B318098FEB006B7917 /* libJCFConnection.a in Frameworks */ = {isa = PBXBuildFile; fileRef = 948CB49B18098FEB006B7917 /* libJCFConnection.a */; };
		948CB4B918098FEB006B7917 /* InfoPlist.strings in Resources */ = {isa = PBXBuildFile; fileRef = 948CB4B718098FEB006B7917 /* InfoPlist.strings */; };
		948CB4BB18098FEB006B7917 /* JCFConnectionTests.mm in Sources */ = {isa = PBXBuildFile; fileRef = 948CB4BA18098FEB006B7917 /* JCFConnectionTests.mm */; };
		948CB4D118099A15006B7917 /* CFSocketHandler.mm in Sources */ = {isa = PBXBuildFile; fileRef = 948CB4CF18099A15006B7917 /* CFSocketHandler.mm */; };
/* End PBXBuildFile section */

/* Begin PBXContainerItemProxy section */
		948CB4B118098FEB006B7917 /* PBXContainerItemProxy */ = {
			isa = PBXContainerItemProxy;
			containerPortal = 948CB49318098FEB006B7917 /* Project object */;
			proxyType = 1;
			remoteGlobalIDString = 948CB49A18098FEB006B7917;
			remoteInfo = JCFConnection;
		};
/* End PBXContainerItemProxy section */

/* Begin PBXCopyFilesBuildPhase section */
		948CB49918098FEB006B7917 /* CopyFiles */ = {
			isa = PBXCopyFilesBuildPhase;
			buildActionMask = 2147483647;
			dstPath = "include/$(PRODUCT_NAME)";
			dstSubfolderSpec = 16;
			files = (
				948CB4A418098FEB006B7917 /* JCFConnection.h in CopyFiles */,
			);
			runOnlyForDeploymentPostprocessing = 0;
		};
/* End PBXCopyFilesBuildPhase section */

/* Begin PBXFileReference section */
		3C46ACCC1813BDCA00D108E7 /* HTTPDefine.mm */ = {isa = PBXFileReference; fileEncoding = 4; lastKnownFileType = sourcecode.cpp.objcpp; path = HTTPDefine.mm; sourceTree = "<group>"; };
		3C5AFC401812B5FB00ACC9A1 /* HTTPDefine.h */ = {isa = PBXFileReference; fileEncoding = 4; lastKnownFileType = sourcecode.c.h; path = HTTPDefine.h; sourceTree = "<group>"; };
		3C5AFC421812BD8D00ACC9A1 /* Util.mm */ = {isa = PBXFileReference; fileEncoding = 4; lastKnownFileType = sourcecode.cpp.objcpp; path = Util.mm; sourceTree = "<group>"; };
		3C5AFC431812BD8D00ACC9A1 /* Util.h */ = {isa = PBXFileReference; fileEncoding = 4; lastKnownFileType = sourcecode.c.h; path = Util.h; sourceTree = "<group>"; };
		3CF70FCF1811819E00123FBB /* HTTPResponse.mm */ = {isa = PBXFileReference; fileEncoding = 4; lastKnownFileType = sourcecode.cpp.objcpp; path = HTTPResponse.mm; sourceTree = "<group>"; };
		3CF70FD01811819E00123FBB /* HTTPResponse.h */ = {isa = PBXFileReference; fileEncoding = 4; lastKnownFileType = sourcecode.c.h; path = HTTPResponse.h; sourceTree = "<group>"; };
		9472148E1809A7D200CE2C58 /* JCFConnection_Internal.h */ = {isa = PBXFileReference; lastKnownFileType = sourcecode.c.h; path = JCFConnection_Internal.h; sourceTree = "<group>"; };
		9472150F1809CEA000CE2C58 /* CFNetwork.framework */ = {isa = PBXFileReference; lastKnownFileType = wrapper.framework; name = CFNetwork.framework; path = System/Library/Frameworks/CFNetwork.framework; sourceTree = SDKROOT; };
		94721513180AB6BC00CE2C58 /* CFConnectionCore.mm */ = {isa = PBXFileReference; fileEncoding = 4; lastKnownFileType = sourcecode.cpp.objcpp; path = CFConnectionCore.mm; sourceTree = "<group>"; };
		94721514180AB6BC00CE2C58 /* CFConnectionCore.h */ = {isa = PBXFileReference; fileEncoding = 4; lastKnownFileType = sourcecode.c.h; path = CFConnectionCore.h; sourceTree = "<group>"; };
		94721517180B1E1100CE2C58 /* CFSocketHandlerClient.h */ = {isa = PBXFileReference; lastKnownFileType = sourcecode.c.h; path = CFSocketHandlerClient.h; sourceTree = "<group>"; };
		94721518180B1E9500CE2C58 /* CFSocketFactory.mm */ = {isa = PBXFileReference; fileEncoding = 4; lastKnownFileType = sourcecode.cpp.objcpp; path = CFSocketFactory.mm; sourceTree = "<group>"; };
		94721519180B1E9500CE2C58 /* CFSocketFactory.h */ = {isa = PBXFileReference; fileEncoding = 4; lastKnownFileType = sourcecode.c.h; path = CFSocketFactory.h; sourceTree = "<group>"; };
		9472151B180B23F600CE2C58 /* ResponseParser.mm */ = {isa = PBXFileReference; fileEncoding = 4; lastKnownFileType = sourcecode.cpp.objcpp; path = ResponseParser.mm; sourceTree = "<group>"; };
		9472151C180B23F600CE2C58 /* ResponseParser.h */ = {isa = PBXFileReference; fileEncoding = 4; lastKnownFileType = sourcecode.c.h; path = ResponseParser.h; sourceTree = "<group>"; };
		9472151E180B24F700CE2C58 /* RequestTool.mm */ = {isa = PBXFileReference; fileEncoding = 4; lastKnownFileType = sourcecode.cpp.objcpp; path = RequestTool.mm; sourceTree = "<group>"; };
		9472151F180B24F700CE2C58 /* RequestTool.h */ = {isa = PBXFileReference; fileEncoding = 4; lastKnownFileType = sourcecode.c.h; path = RequestTool.h; sourceTree = "<group>"; };
		94721521180BB64400CE2C58 /* DataFinder.mm */ = {isa = PBXFileReference; fileEncoding = 4; lastKnownFileType = sourcecode.cpp.objcpp; path = DataFinder.mm; sourceTree = "<group>"; };
		94721522180BB64400CE2C58 /* DataFinder.h */ = {isa = PBXFileReference; fileEncoding = 4; lastKnownFileType = sourcecode.c.h; path = DataFinder.h; sourceTree = "<group>"; };
		948CB49B18098FEB006B7917 /* libJCFConnection.a */ = {isa = PBXFileReference; explicitFileType = archive.ar; includeInIndex = 0; path = libJCFConnection.a; sourceTree = BUILT_PRODUCTS_DIR; };
		948CB49E18098FEB006B7917 /* Foundation.framework */ = {isa = PBXFileReference; lastKnownFileType = wrapper.framework; name = Foundation.framework; path = System/Library/Frameworks/Foundation.framework; sourceTree = SDKROOT; };
		948CB4A218098FEB006B7917 /* JCFConnection-Prefix.pch */ = {isa = PBXFileReference; lastKnownFileType = sourcecode.c.h; path = "JCFConnection-Prefix.pch"; sourceTree = "<group>"; };
		948CB4A318098FEB006B7917 /* JCFConnection.h */ = {isa = PBXFileReference; lastKnownFileType = sourcecode.c.h; path = JCFConnection.h; sourceTree = "<group>"; };
		948CB4A518098FEB006B7917 /* JCFConnection.mm */ = {isa = PBXFileReference; lastKnownFileType = sourcecode.cpp.objcpp; path = JCFConnection.mm; sourceTree = "<group>"; };
		948CB4AB18098FEB006B7917 /* JCFConnectionTests.xctest */ = {isa = PBXFileReference; explicitFileType = wrapper.cfbundle; includeInIndex = 0; path = JCFConnectionTests.xctest; sourceTree = BUILT_PRODUCTS_DIR; };
		948CB4AC18098FEB006B7917 /* XCTest.framework */ = {isa = PBXFileReference; lastKnownFileType = wrapper.framework; name = XCTest.framework; path = Library/Frameworks/XCTest.framework; sourceTree = DEVELOPER_DIR; };
		948CB4AF18098FEB006B7917 /* UIKit.framework */ = {isa = PBXFileReference; lastKnownFileType = wrapper.framework; name = UIKit.framework; path = Library/Frameworks/UIKit.framework; sourceTree = DEVELOPER_DIR; };
		948CB4B618098FEB006B7917 /* JCFConnectionTests-Info.plist */ = {isa = PBXFileReference; lastKnownFileType = text.plist.xml; path = "JCFConnectionTests-Info.plist"; sourceTree = "<group>"; };
		948CB4B818098FEB006B7917 /* en */ = {isa = PBXFileReference; lastKnownFileType = text.plist.strings; name = en; path = en.lproj/InfoPlist.strings; sourceTree = "<group>"; };
		948CB4BA18098FEB006B7917 /* JCFConnectionTests.mm */ = {isa = PBXFileReference; lastKnownFileType = sourcecode.cpp.objcpp; path = JCFConnectionTests.mm; sourceTree = "<group>"; };
		948CB4CA180991DF006B7917 /* BasicConfig.xcconfig */ = {isa = PBXFileReference; lastKnownFileType = text.xcconfig; name = BasicConfig.xcconfig; path = Config/BasicConfig.xcconfig; sourceTree = SOURCE_ROOT; };
		948CB4CB180991DF006B7917 /* BasicDebugConfig.xcconfig */ = {isa = PBXFileReference; lastKnownFileType = text.xcconfig; name = BasicDebugConfig.xcconfig; path = Config/BasicDebugConfig.xcconfig; sourceTree = SOURCE_ROOT; };
		948CB4CC180991DF006B7917 /* BasicReleaseConfig.xcconfig */ = {isa = PBXFileReference; lastKnownFileType = text.xcconfig; name = BasicReleaseConfig.xcconfig; path = Config/BasicReleaseConfig.xcconfig; sourceTree = SOURCE_ROOT; };
		948CB4CD180991DF006B7917 /* JCFConnection_Debug.xcconfig */ = {isa = PBXFileReference; lastKnownFileType = text.xcconfig; name = JCFConnection_Debug.xcconfig; path = Config/JCFConnection_Debug.xcconfig; sourceTree = SOURCE_ROOT; };
		948CB4CE180991DF006B7917 /* JCFConnection_Release.xcconfig */ = {isa = PBXFileReference; lastKnownFileType = text.xcconfig; name = JCFConnection_Release.xcconfig; path = Config/JCFConnection_Release.xcconfig; sourceTree = SOURCE_ROOT; };
		948CB4CF18099A15006B7917 /* CFSocketHandler.mm */ = {isa = PBXFileReference; fileEncoding = 4; lastKnownFileType = sourcecode.cpp.objcpp; path = CFSocketHandler.mm; sourceTree = "<group>"; };
		948CB4D018099A15006B7917 /* CFSocketHandler.h */ = {isa = PBXFileReference; fileEncoding = 4; lastKnownFileType = sourcecode.c.h; path = CFSocketHandler.h; sourceTree = "<group>"; };
/* End PBXFileReference section */

/* Begin PBXFrameworksBuildPhase section */
		948CB49818098FEB006B7917 /* Frameworks */ = {
			isa = PBXFrameworksBuildPhase;
			buildActionMask = 2147483647;
			files = (
				947215101809CEA000CE2C58 /* CFNetwork.framework in Frameworks */,
				948CB49F18098FEB006B7917 /* Foundation.framework in Frameworks */,
			);
			runOnlyForDeploymentPostprocessing = 0;
		};
		948CB4A818098FEB006B7917 /* Frameworks */ = {
			isa = PBXFrameworksBuildPhase;
			buildActionMask = 2147483647;
			files = (
				948CB4B318098FEB006B7917 /* libJCFConnection.a in Frameworks */,
				947215111809CEB100CE2C58 /* CFNetwork.framework in Frameworks */,
				948CB4AD18098FEB006B7917 /* XCTest.framework in Frameworks */,
				948CB4B018098FEB006B7917 /* UIKit.framework in Frameworks */,
				948CB4AE18098FEB006B7917 /* Foundation.framework in Frameworks */,
			);
			runOnlyForDeploymentPostprocessing = 0;
		};
/* End PBXFrameworksBuildPhase section */

/* Begin PBXGroup section */
		94721516180B198000CE2C58 /* Core */ = {
			isa = PBXGroup;
			children = (
				94721514180AB6BC00CE2C58 /* CFConnectionCore.h */,
				94721513180AB6BC00CE2C58 /* CFConnectionCore.mm */,
				94721517180B1E1100CE2C58 /* CFSocketHandlerClient.h */,
				948CB4D018099A15006B7917 /* CFSocketHandler.h */,
				948CB4CF18099A15006B7917 /* CFSocketHandler.mm */,
				94721519180B1E9500CE2C58 /* CFSocketFactory.h */,
				94721518180B1E9500CE2C58 /* CFSocketFactory.mm */,
				9472151F180B24F700CE2C58 /* RequestTool.h */,
				9472151E180B24F700CE2C58 /* RequestTool.mm */,
				9472151C180B23F600CE2C58 /* ResponseParser.h */,
				9472151B180B23F600CE2C58 /* ResponseParser.mm */,
				3C5AFC401812B5FB00ACC9A1 /* HTTPDefine.h */,
				3C46ACCC1813BDCA00D108E7 /* HTTPDefine.mm */,
				3CF70FD01811819E00123FBB /* HTTPResponse.h */,
				3CF70FCF1811819E00123FBB /* HTTPResponse.mm */,
				94721522180BB64400CE2C58 /* DataFinder.h */,
				94721521180BB64400CE2C58 /* DataFinder.mm */,
				3C5AFC431812BD8D00ACC9A1 /* Util.h */,
				3C5AFC421812BD8D00ACC9A1 /* Util.mm */,
			);
			name = Core;
			sourceTree = "<group>";
		};
		948CB49218098FEB006B7917 = {
			isa = PBXGroup;
			children = (
				948CB4A018098FEB006B7917 /* JCFConnection */,
				948CB4B418098FEB006B7917 /* JCFConnectionTests */,
				948CB49D18098FEB006B7917 /* Frameworks */,
				948CB49C18098FEB006B7917 /* Products */,
				948CB4A118098FEB006B7917 /* Supporting Files */,
			);
			sourceTree = "<group>";
		};
		948CB49C18098FEB006B7917 /* Products */ = {
			isa = PBXGroup;
			children = (
				948CB49B18098FEB006B7917 /* libJCFConnection.a */,
				948CB4AB18098FEB006B7917 /* JCFConnectionTests.xctest */,
			);
			name = Products;
			sourceTree = "<group>";
		};
		948CB49D18098FEB006B7917 /* Frameworks */ = {
			isa = PBXGroup;
			children = (
				9472150F1809CEA000CE2C58 /* CFNetwork.framework */,
				948CB49E18098FEB006B7917 /* Foundation.framework */,
				948CB4AC18098FEB006B7917 /* XCTest.framework */,
				948CB4AF18098FEB006B7917 /* UIKit.framework */,
			);
			name = Frameworks;
			sourceTree = "<group>";
		};
		948CB4A018098FEB006B7917 /* JCFConnection */ = {
			isa = PBXGroup;
			children = (
				94721516180B198000CE2C58 /* Core */,
				948CB4A318098FEB006B7917 /* JCFConnection.h */,
				948CB4A518098FEB006B7917 /* JCFConnection.mm */,
				9472148E1809A7D200CE2C58 /* JCFConnection_Internal.h */,
			);
			path = JCFConnection;
			sourceTree = "<group>";
		};
		948CB4A118098FEB006B7917 /* Supporting Files */ = {
			isa = PBXGroup;
			children = (
				948CB4A218098FEB006B7917 /* JCFConnection-Prefix.pch */,
				948CB4CA180991DF006B7917 /* BasicConfig.xcconfig */,
				948CB4CB180991DF006B7917 /* BasicDebugConfig.xcconfig */,
				948CB4CC180991DF006B7917 /* BasicReleaseConfig.xcconfig */,
				948CB4CD180991DF006B7917 /* JCFConnection_Debug.xcconfig */,
				948CB4CE180991DF006B7917 /* JCFConnection_Release.xcconfig */,
			);
			name = "Supporting Files";
			path = JCFConnection;
			sourceTree = "<group>";
		};
		948CB4B418098FEB006B7917 /* JCFConnectionTests */ = {
			isa = PBXGroup;
			children = (
				948CB4BA18098FEB006B7917 /* JCFConnectionTests.mm */,
				948CB4B518098FEB006B7917 /* Supporting Files */,
			);
			path = JCFConnectionTests;
			sourceTree = "<group>";
		};
		948CB4B518098FEB006B7917 /* Supporting Files */ = {
			isa = PBXGroup;
			children = (
				948CB4B618098FEB006B7917 /* JCFConnectionTests-Info.plist */,
				948CB4B718098FEB006B7917 /* InfoPlist.strings */,
			);
			name = "Supporting Files";
			sourceTree = "<group>";
		};
/* End PBXGroup section */

/* Begin PBXNativeTarget section */
		948CB49A18098FEB006B7917 /* JCFConnection */ = {
			isa = PBXNativeTarget;
			buildConfigurationList = 948CB4BE18098FEB006B7917 /* Build configuration list for PBXNativeTarget "JCFConnection" */;
			buildPhases = (
				948CB49718098FEB006B7917 /* Sources */,
				948CB49818098FEB006B7917 /* Frameworks */,
				948CB49918098FEB006B7917 /* CopyFiles */,
			);
			buildRules = (
			);
			dependencies = (
			);
			name = JCFConnection;
			productName = JCFConnection;
			productReference = 948CB49B18098FEB006B7917 /* libJCFConnection.a */;
			productType = "com.apple.product-type.library.static";
		};
		948CB4AA18098FEB006B7917 /* JCFConnectionTests */ = {
			isa = PBXNativeTarget;
			buildConfigurationList = 948CB4C118098FEB006B7917 /* Build configuration list for PBXNativeTarget "JCFConnectionTests" */;
			buildPhases = (
				948CB4A718098FEB006B7917 /* Sources */,
				948CB4A818098FEB006B7917 /* Frameworks */,
				948CB4A918098FEB006B7917 /* Resources */,
			);
			buildRules = (
			);
			dependencies = (
				948CB4B218098FEB006B7917 /* PBXTargetDependency */,
			);
			name = JCFConnectionTests;
			productName = JCFConnectionTests;
			productReference = 948CB4AB18098FEB006B7917 /* JCFConnectionTests.xctest */;
			productType = "com.apple.product-type.bundle.unit-test";
		};
/* End PBXNativeTarget section */

/* Begin PBXProject section */
		948CB49318098FEB006B7917 /* Project object */ = {
			isa = PBXProject;
			attributes = {
				LastUpgradeCheck = 0500;
				ORGANIZATIONNAME = Jin;
			};
			buildConfigurationList = 948CB49618098FEB006B7917 /* Build configuration list for PBXProject "JCFConnection" */;
			compatibilityVersion = "Xcode 3.2";
			developmentRegion = English;
			hasScannedForEncodings = 0;
			knownRegions = (
				en,
			);
			mainGroup = 948CB49218098FEB006B7917;
			productRefGroup = 948CB49C18098FEB006B7917 /* Products */;
			projectDirPath = "";
			projectRoot = "";
			targets = (
				948CB49A18098FEB006B7917 /* JCFConnection */,
				948CB4AA18098FEB006B7917 /* JCFConnectionTests */,
			);
		};
/* End PBXProject section */

/* Begin PBXResourcesBuildPhase section */
		948CB4A918098FEB006B7917 /* Resources */ = {
			isa = PBXResourcesBuildPhase;
			buildActionMask = 2147483647;
			files = (
				948CB4B918098FEB006B7917 /* InfoPlist.strings in Resources */,
			);
			runOnlyForDeploymentPostprocessing = 0;
		};
/* End PBXResourcesBuildPhase section */

/* Begin PBXSourcesBuildPhase section */
		948CB49718098FEB006B7917 /* Sources */ = {
			isa = PBXSourcesBuildPhase;
			buildActionMask = 2147483647;
			files = (
				3C5AFC441812BD8D00ACC9A1 /* Util.mm in Sources */,
				3CF70FD11811819E00123FBB /* HTTPResponse.mm in Sources */,
				94721523180BB64400CE2C58 /* DataFinder.mm in Sources */,
				94721515180AB6BC00CE2C58 /* CFConnectionCore.mm in Sources */,
				3C46ACCD1813BDCA00D108E7 /* HTTPDefine.mm in Sources */,
				9472151A180B1E9500CE2C58 /* CFSocketFactory.mm in Sources */,
				948CB4D118099A15006B7917 /* CFSocketHandler.mm in Sources */,
				94721520180B24F700CE2C58 /* RequestTool.mm in Sources */,
				948CB4A618098FEB006B7917 /* JCFConnection.mm in Sources */,
				9472151D180B23F600CE2C58 /* ResponseParser.mm in Sources */,
			);
			runOnlyForDeploymentPostprocessing = 0;
		};
		948CB4A718098FEB006B7917 /* Sources */ = {
			isa = PBXSourcesBuildPhase;
			buildActionMask = 2147483647;
			files = (
				948CB4BB18098FEB006B7917 /* JCFConnectionTests.mm in Sources */,
			);
			runOnlyForDeploymentPostprocessing = 0;
		};
/* End PBXSourcesBuildPhase section */

/* Begin PBXTargetDependency section */
		948CB4B218098FEB006B7917 /* PBXTargetDependency */ = {
			isa = PBXTargetDependency;
			target = 948CB49A18098FEB006B7917 /* JCFConnection */;
			targetProxy = 948CB4B118098FEB006B7917 /* PBXContainerItemProxy */;
		};
/* End PBXTargetDependency section */

/* Begin PBXVariantGroup section */
		948CB4B718098FEB006B7917 /* InfoPlist.strings */ = {
			isa = PBXVariantGroup;
			children = (
				948CB4B818098FEB006B7917 /* en */,
			);
			name = InfoPlist.strings;
			sourceTree = "<group>";
		};
/* End PBXVariantGroup section */

/* Begin XCBuildConfiguration section */
		948CB4BC18098FEB006B7917 /* Debug */ = {
			isa = XCBuildConfiguration;
			baseConfigurationReference = 948CB4CD180991DF006B7917 /* JCFConnection_Debug.xcconfig */;
			buildSettings = {
				ALWAYS_SEARCH_USER_PATHS = NO;
				CLANG_ENABLE_MODULES = YES;
				CLANG_WARN_BOOL_CONVERSION = YES;
				CLANG_WARN_CONSTANT_CONVERSION = YES;
				CLANG_WARN_DIRECT_OBJC_ISA_USAGE = YES_ERROR;
				CLANG_WARN_EMPTY_BODY = YES;
				CLANG_WARN_ENUM_CONVERSION = YES;
				CLANG_WARN_INT_CONVERSION = YES;
				CLANG_WARN_OBJC_ROOT_CLASS = YES_ERROR;
				CLANG_WARN__DUPLICATE_METHOD_MATCH = YES;
				GCC_DYNAMIC_NO_PIC = NO;
				GCC_SYMBOLS_PRIVATE_EXTERN = NO;
				GCC_WARN_64_TO_32_BIT_CONVERSION = YES;
				GCC_WARN_ABOUT_RETURN_TYPE = YES_ERROR;
				GCC_WARN_UNDECLARED_SELECTOR = YES;
				GCC_WARN_UNINITIALIZED_AUTOS = YES;
				GCC_WARN_UNUSED_FUNCTION = YES;
				GCC_WARN_UNUSED_VARIABLE = YES;
				SDKROOT = iphoneos;
			};
			name = Debug;
		};
		948CB4BD18098FEB006B7917 /* Release */ = {
			isa = XCBuildConfiguration;
			baseConfigurationReference = 948CB4CE180991DF006B7917 /* JCFConnection_Release.xcconfig */;
			buildSettings = {
				ALWAYS_SEARCH_USER_PATHS = NO;
				CLANG_ENABLE_MODULES = YES;
				CLANG_WARN_BOOL_CONVERSION = YES;
				CLANG_WARN_CONSTANT_CONVERSION = YES;
				CLANG_WARN_DIRECT_OBJC_ISA_USAGE = YES_ERROR;
				CLANG_WARN_EMPTY_BODY = YES;
				CLANG_WARN_ENUM_CONVERSION = YES;
				CLANG_WARN_INT_CONVERSION = YES;
				CLANG_WARN_OBJC_ROOT_CLASS = YES_ERROR;
				CLANG_WARN__DUPLICATE_METHOD_MATCH = YES;
				GCC_WARN_64_TO_32_BIT_CONVERSION = YES;
				GCC_WARN_ABOUT_RETURN_TYPE = YES_ERROR;
				GCC_WARN_UNDECLARED_SELECTOR = YES;
				GCC_WARN_UNINITIALIZED_AUTOS = YES;
				GCC_WARN_UNUSED_FUNCTION = YES;
				GCC_WARN_UNUSED_VARIABLE = YES;
				SDKROOT = iphoneos;
			};
			name = Release;
		};
		948CB4BF18098FEB006B7917 /* Debug */ = {
			isa = XCBuildConfiguration;
			buildSettings = {
				CLANG_CXX_LANGUAGE_STANDARD = "c++98";
				DEAD_CODE_STRIPPING = NO;
				DSTROOT = /tmp/JCFConnection.dst;
				GCC_PRECOMPILE_PREFIX_HEADER = YES;
				GCC_PREFIX_HEADER = "JCFConnection/JCFConnection-Prefix.pch";
				OTHER_LDFLAGS = "-ObjC";
				PRODUCT_NAME = "$(TARGET_NAME)";
				SKIP_INSTALL = YES;
			};
			name = Debug;
		};
		948CB4C018098FEB006B7917 /* Release */ = {
			isa = XCBuildConfiguration;
			buildSettings = {
				CLANG_CXX_LANGUAGE_STANDARD = "c++98";
				DEAD_CODE_STRIPPING = NO;
				DSTROOT = /tmp/JCFConnection.dst;
				GCC_PRECOMPILE_PREFIX_HEADER = YES;
				GCC_PREFIX_HEADER = "JCFConnection/JCFConnection-Prefix.pch";
				OTHER_LDFLAGS = "-ObjC";
				PRODUCT_NAME = "$(TARGET_NAME)";
				SKIP_INSTALL = YES;
			};
			name = Release;
		};
		948CB4C218098FEB006B7917 /* Debug */ = {
			isa = XCBuildConfiguration;
			buildSettings = {
				FRAMEWORK_SEARCH_PATHS = (
					"$(SDKROOT)/Developer/Library/Frameworks",
					"$(inherited)",
					"$(DEVELOPER_FRAMEWORKS_DIR)",
				);
				GCC_PRECOMPILE_PREFIX_HEADER = YES;
				GCC_PREFIX_HEADER = "JCFConnection/JCFConnection-Prefix.pch";
				GCC_PREPROCESSOR_DEFINITIONS = (
					"DEBUG=1",
					"$(inherited)",
				);
				HEADER_SEARCH_PATHS = (
					"$(inherited)",
					/Applications/Xcode.app/Contents/Developer/Toolchains/XcodeDefault.xctoolchain/usr/include,
				);
				INFOPLIST_FILE = "JCFConnectionTests/JCFConnectionTests-Info.plist";
				PRODUCT_NAME = "$(TARGET_NAME)";
				WRAPPER_EXTENSION = xctest;
			};
			name = Debug;
		};
		948CB4C318098FEB006B7917 /* Release */ = {
			isa = XCBuildConfiguration;
			buildSettings = {
				FRAMEWORK_SEARCH_PATHS = (
					"$(SDKROOT)/Developer/Library/Frameworks",
					"$(inherited)",
					"$(DEVELOPER_FRAMEWORKS_DIR)",
				);
				GCC_PRECOMPILE_PREFIX_HEADER = YES;
				GCC_PREFIX_HEADER = "JCFConnection/JCFConnection-Prefix.pch";
				HEADER_SEARCH_PATHS = (
					"$(inherited)",
					/Applications/Xcode.app/Contents/Developer/Toolchains/XcodeDefault.xctoolchain/usr/include,
				);
				INFOPLIST_FILE = "JCFConnectionTests/JCFConnectionTests-Info.plist";
				PRODUCT_NAME = "$(TARGET_NAME)";
				WRAPPER_EXTENSION = xctest;
			};
			name = Release;
		};
/* End XCBuildConfiguration section */

/* Begin XCConfigurationList section */
		948CB49618098FEB006B7917 /* Build configuration list for PBXProject "JCFConnection" */ = {
			isa = XCConfigurationList;
			buildConfigurations = (
				948CB4BC18098FEB006B7917 /* Debug */,
				948CB4BD18098FEB006B7917 /* Release */,
			);
			defaultConfigurationIsVisible = 0;
			defaultConfigurationName = Release;
		};
		948CB4BE18098FEB006B7917 /* Build configuration list for PBXNativeTarget "JCFConnection" */ = {
			isa = XCConfigurationList;
			buildConfigurations = (
				948CB4BF18098FEB006B7917 /* Debug */,
				948CB4C018098FEB006B7917 /* Release */,
			);
			defaultConfigurationIsVisible = 0;
			defaultConfigurationName = Release;
		};
		948CB4C118098FEB006B7917 /* Build configuration list for PBXNativeTarget "JCFConnectionTests" */ = {
			isa = XCConfigurationList;
			buildConfigurations = (
				948CB4C218098FEB006B7917 /* Debug */,
				948CB4C318098FEB006B7917 /* Release */,
			);
			defaultConfigurationIsVisible = 0;
			defaultConfigurationName = Release;
		};
/* End XCConfigurationList section */
	};
	rootObject = 948CB49318098FEB006B7917 /* Project object */;
}
